
Microsoft Visual Studio Solution File, Format Version 12.00
# Visual Studio Version 17
VisualStudioVersion = 17.4.33213.308
MinimumVisualStudioVersion = 10.0.40219.1
Project("{9A19103F-16F7-4668-BE54-9A1E7A4F7556}") = "ProductService", "ProductService\ProductService.csproj", "{EB2722B7-4502-4FC9-9B10-03199D82EA05}"
EndProject
Project("{FAE04EC0-301F-11D3-BF4B-00C04F79EFBC}") = "ApiGateWay", "ApiGateWay\ApiGateWay.csproj", "{B7CEB6CB-286E-424C-9788-D88078DFA3CC}"
EndProject
Global
	GlobalSection(SolutionConfigurationPlatforms) = preSolution
		Debug|Any CPU = Debug|Any CPU
		Release|Any CPU = Release|Any CPU
	EndGlobalSection
	GlobalSection(ProjectConfigurationPlatforms) = postSolution
		{EB2722B7-4502-4FC9-9B10-03199D82EA05}.Debug|Any CPU.ActiveCfg = Debug|Any CPU
		{EB2722B7-4502-4FC9-9B10-03199D82EA05}.Debug|Any CPU.Build.0 = Debug|Any CPU
		{EB2722B7-4502-4FC9-9B10-03199D82EA05}.Release|Any CPU.ActiveCfg = Release|Any CPU
		{EB2722B7-4502-4FC9-9B10-03199D82EA05}.Release|Any CPU.Build.0 = Release|Any CPU
		{B7CEB6CB-286E-424C-9788-D88078DFA3CC}.Debug|Any CPU.ActiveCfg = Debug|Any CPU
		{B7CEB6CB-286E-424C-9788-D88078DFA3CC}.Debug|Any CPU.Build.0 = Debug|Any CPU
		{B7CEB6CB-286E-424C-9788-D88078DFA3CC}.Release|Any CPU.ActiveCfg = Release|Any CPU
		{B7CEB6CB-286E-424C-9788-D88078DFA3CC}.Release|Any CPU.Build.0 = Release|Any CPU
	EndGlobalSection
	GlobalSection(SolutionProperties) = preSolution
		HideSolutionNode = FALSE
	EndGlobalSection
	GlobalSection(ExtensibilityGlobals) = postSolution
		SolutionGuid = {E0DC2020-6BF8-41A8-B5A3-8F35CE691640}
	EndGlobalSection
EndGlobal
